
Microsoft Visual Studio Solution File, Format Version 12.00
# Visual Studio Version 17
VisualStudioVersion = 17.8.34309.116
MinimumVisualStudioVersion = 10.0.40219.1
Project("{9A19103F-16F7-4668-BE54-9A1E7A4F7556}") = "Wisehat.Web", "Wisehat.Web\Wisehat.Web.csproj", "{04553D2E-3F05-469B-8F3A-10FF199A138D}"
EndProject
Project("{9A19103F-16F7-4668-BE54-9A1E7A4F7556}") = "Wisehat.Domain", "Wisehat.Domain\Wisehat.Domain.csproj", "{C28C22AE-40CB-4FF8-9BD1-AF3C97258F8A}"
EndProject
Global
	GlobalSection(SolutionConfigurationPlatforms) = preSolution
		Debug|Any CPU = Debug|Any CPU
		Release|Any CPU = Release|Any CPU
	EndGlobalSection
	GlobalSection(ProjectConfigurationPlatforms) = postSolution
		{04553D2E-3F05-469B-8F3A-10FF199A138D}.Debug|Any CPU.ActiveCfg = Debug|Any CPU
		{04553D2E-3F05-469B-8F3A-10FF199A138D}.Debug|Any CPU.Build.0 = Debug|Any CPU
		{04553D2E-3F05-469B-8F3A-10FF199A138D}.Release|Any CPU.ActiveCfg = Release|Any CPU
		{04553D2E-3F05-469B-8F3A-10FF199A138D}.Release|Any CPU.Build.0 = Release|Any CPU
		{C28C22AE-40CB-4FF8-9BD1-AF3C97258F8A}.Debug|Any CPU.ActiveCfg = Debug|Any CPU
		{C28C22AE-40CB-4FF8-9BD1-AF3C97258F8A}.Debug|Any CPU.Build.0 = Debug|Any CPU
		{C28C22AE-40CB-4FF8-9BD1-AF3C97258F8A}.Release|Any CPU.ActiveCfg = Release|Any CPU
		{C28C22AE-40CB-4FF8-9BD1-AF3C97258F8A}.Release|Any CPU.Build.0 = Release|Any CPU
	EndGlobalSection
	GlobalSection(SolutionProperties) = preSolution
		HideSolutionNode = FALSE
	EndGlobalSection
	GlobalSection(ExtensibilityGlobals) = postSolution
		SolutionGuid = {873866C2-BD32-496E-9E23-E0F84A0244FF}
	EndGlobalSection
EndGlobal
